
Microsoft Visual Studio Solution File, Format Version 12.00
# Visual Studio Version 17
VisualStudioVersion = 17.12.35707.178
MinimumVisualStudioVersion = 10.0.40219.1
Project("{2150E333-8FDC-42A3-9474-1A3956D46DE8}") = "src", "src", "{48946034-F57B-4475-8EB9-848C013F6020}"
EndProject
Project("{2150E333-8FDC-42A3-9474-1A3956D46DE8}") = "test", "test", "{92E7EEFF-5915-4A8F-9803-DC4DAAAFB5F7}"
EndProject
Project("{2150E333-8FDC-42A3-9474-1A3956D46DE8}") = "SAK.Presentation", "SAK.Presentation", "{0A1A7B32-4AC9-43A8-AC59-B458C18285D1}"
EndProject
Project("{2150E333-8FDC-42A3-9474-1A3956D46DE8}") = "SAK.Core", "SAK.Core", "{9EC88DEE-5B2F-456C-B0DD-71C8EF7C07C5}"
EndProject
Project("{2150E333-8FDC-42A3-9474-1A3956D46DE8}") = "SAK.Infrastructure", "SAK.Infrastructure", "{CA85CD37-2AB6-4AF1-AEA3-52DA3D71B92C}"
EndProject
Project("{2150E333-8FDC-42A3-9474-1A3956D46DE8}") = "SAK.API", "SAK.API", "{E87A9CF3-D1E1-4F85-9D39-2254759ABEE8}"
EndProject
Project("{2150E333-8FDC-42A3-9474-1A3956D46DE8}") = "SAK.WEB", "SAK.WEB", "{DD8AA69F-AD64-4D18-8862-7EC817D5F0B2}"
EndProject
Project("{FAE04EC0-301F-11D3-BF4B-00C04F79EFBC}") = "Application", "Application\Application.csproj", "{3723498E-05DE-43C7-BCC0-D6D03EBF1C89}"
EndProject
Project("{FAE04EC0-301F-11D3-BF4B-00C04F79EFBC}") = "Domain", "Domain\Domain.csproj", "{604C5E73-9296-4860-B50F-384F6FAE8701}"
EndProject
Project("{2150E333-8FDC-42A3-9474-1A3956D46DE8}") = "Infra.Identity", "Infra.Identity", "{8EFCF1D0-FA60-4519-87C2-2E04A82DF5B4}"
EndProject
Project("{2150E333-8FDC-42A3-9474-1A3956D46DE8}") = "Infra.Persistence", "Infra.Persistence", "{DE704E15-3DCD-4EB5-A2B3-E922FE43F99D}"
EndProject
Project("{2150E333-8FDC-42A3-9474-1A3956D46DE8}") = "Infra.Repository", "Infra.Repository", "{82A25790-E160-4839-9DC0-DF347FB77099}"
EndProject
Project("{FAE04EC0-301F-11D3-BF4B-00C04F79EFBC}") = "API", "API\API.csproj", "{A75B0F1A-12B7-47CC-B579-C6F961061FB1}"
EndProject
Project("{FAE04EC0-301F-11D3-BF4B-00C04F79EFBC}") = "WEB", "WEB\WEB.csproj", "{06A99B07-A348-4BE2-8CEC-231D423843F5}"
EndProject
Project("{FAE04EC0-301F-11D3-BF4B-00C04F79EFBC}") = "Identity", "Identity\Identity.csproj", "{C25DF37A-FC52-4CEB-8935-54A56486C2D6}"
EndProject
Project("{2150E333-8FDC-42A3-9474-1A3956D46DE8}") = "UintTests", "UintTests", "{E05D212D-08D3-4DA2-9ADC-AA43E75ED6D1}"
EndProject
Project("{2150E333-8FDC-42A3-9474-1A3956D46DE8}") = "IntegrationTests", "IntegrationTests", "{084C3163-4528-4C9B-A415-27D07FDF434E}"
EndProject
Project("{FAE04EC0-301F-11D3-BF4B-00C04F79EFBC}") = "Persistence", "Infra.Persistence\Persistence.csproj", "{118D6014-F1E4-4EEA-8DFC-AD11EAA074CB}"
EndProject
Global
	GlobalSection(SolutionConfigurationPlatforms) = preSolution
		Debug|Any CPU = Debug|Any CPU
		Release|Any CPU = Release|Any CPU
	EndGlobalSection
	GlobalSection(ProjectConfigurationPlatforms) = postSolution
		{3723498E-05DE-43C7-BCC0-D6D03EBF1C89}.Debug|Any CPU.ActiveCfg = Debug|Any CPU
		{3723498E-05DE-43C7-BCC0-D6D03EBF1C89}.Debug|Any CPU.Build.0 = Debug|Any CPU
		{3723498E-05DE-43C7-BCC0-D6D03EBF1C89}.Release|Any CPU.ActiveCfg = Release|Any CPU
		{3723498E-05DE-43C7-BCC0-D6D03EBF1C89}.Release|Any CPU.Build.0 = Release|Any CPU
		{604C5E73-9296-4860-B50F-384F6FAE8701}.Debug|Any CPU.ActiveCfg = Debug|Any CPU
		{604C5E73-9296-4860-B50F-384F6FAE8701}.Debug|Any CPU.Build.0 = Debug|Any CPU
		{604C5E73-9296-4860-B50F-384F6FAE8701}.Release|Any CPU.ActiveCfg = Release|Any CPU
		{604C5E73-9296-4860-B50F-384F6FAE8701}.Release|Any CPU.Build.0 = Release|Any CPU
		{A75B0F1A-12B7-47CC-B579-C6F961061FB1}.Debug|Any CPU.ActiveCfg = Debug|Any CPU
		{A75B0F1A-12B7-47CC-B579-C6F961061FB1}.Debug|Any CPU.Build.0 = Debug|Any CPU
		{A75B0F1A-12B7-47CC-B579-C6F961061FB1}.Release|Any CPU.ActiveCfg = Release|Any CPU
		{A75B0F1A-12B7-47CC-B579-C6F961061FB1}.Release|Any CPU.Build.0 = Release|Any CPU
		{06A99B07-A348-4BE2-8CEC-231D423843F5}.Debug|Any CPU.ActiveCfg = Debug|Any CPU
		{06A99B07-A348-4BE2-8CEC-231D423843F5}.Debug|Any CPU.Build.0 = Debug|Any CPU
		{06A99B07-A348-4BE2-8CEC-231D423843F5}.Release|Any CPU.ActiveCfg = Release|Any CPU
		{06A99B07-A348-4BE2-8CEC-231D423843F5}.Release|Any CPU.Build.0 = Release|Any CPU
		{C25DF37A-FC52-4CEB-8935-54A56486C2D6}.Debug|Any CPU.ActiveCfg = Debug|Any CPU
		{C25DF37A-FC52-4CEB-8935-54A56486C2D6}.Debug|Any CPU.Build.0 = Debug|Any CPU
		{C25DF37A-FC52-4CEB-8935-54A56486C2D6}.Release|Any CPU.ActiveCfg = Release|Any CPU
		{C25DF37A-FC52-4CEB-8935-54A56486C2D6}.Release|Any CPU.Build.0 = Release|Any CPU
		{118D6014-F1E4-4EEA-8DFC-AD11EAA074CB}.Debug|Any CPU.ActiveCfg = Debug|Any CPU
		{118D6014-F1E4-4EEA-8DFC-AD11EAA074CB}.Debug|Any CPU.Build.0 = Debug|Any CPU
		{118D6014-F1E4-4EEA-8DFC-AD11EAA074CB}.Release|Any CPU.ActiveCfg = Release|Any CPU
		{118D6014-F1E4-4EEA-8DFC-AD11EAA074CB}.Release|Any CPU.Build.0 = Release|Any CPU
	EndGlobalSection
	GlobalSection(SolutionProperties) = preSolution
		HideSolutionNode = FALSE
	EndGlobalSection
	GlobalSection(NestedProjects) = preSolution
		{0A1A7B32-4AC9-43A8-AC59-B458C18285D1} = {48946034-F57B-4475-8EB9-848C013F6020}
		{9EC88DEE-5B2F-456C-B0DD-71C8EF7C07C5} = {48946034-F57B-4475-8EB9-848C013F6020}
		{CA85CD37-2AB6-4AF1-AEA3-52DA3D71B92C} = {48946034-F57B-4475-8EB9-848C013F6020}
		{E87A9CF3-D1E1-4F85-9D39-2254759ABEE8} = {0A1A7B32-4AC9-43A8-AC59-B458C18285D1}
		{DD8AA69F-AD64-4D18-8862-7EC817D5F0B2} = {0A1A7B32-4AC9-43A8-AC59-B458C18285D1}
		{3723498E-05DE-43C7-BCC0-D6D03EBF1C89} = {9EC88DEE-5B2F-456C-B0DD-71C8EF7C07C5}
		{604C5E73-9296-4860-B50F-384F6FAE8701} = {9EC88DEE-5B2F-456C-B0DD-71C8EF7C07C5}
		{8EFCF1D0-FA60-4519-87C2-2E04A82DF5B4} = {CA85CD37-2AB6-4AF1-AEA3-52DA3D71B92C}
		{DE704E15-3DCD-4EB5-A2B3-E922FE43F99D} = {CA85CD37-2AB6-4AF1-AEA3-52DA3D71B92C}
		{82A25790-E160-4839-9DC0-DF347FB77099} = {CA85CD37-2AB6-4AF1-AEA3-52DA3D71B92C}
		{A75B0F1A-12B7-47CC-B579-C6F961061FB1} = {E87A9CF3-D1E1-4F85-9D39-2254759ABEE8}
		{06A99B07-A348-4BE2-8CEC-231D423843F5} = {DD8AA69F-AD64-4D18-8862-7EC817D5F0B2}
		{C25DF37A-FC52-4CEB-8935-54A56486C2D6} = {8EFCF1D0-FA60-4519-87C2-2E04A82DF5B4}
		{E05D212D-08D3-4DA2-9ADC-AA43E75ED6D1} = {92E7EEFF-5915-4A8F-9803-DC4DAAAFB5F7}
		{084C3163-4528-4C9B-A415-27D07FDF434E} = {92E7EEFF-5915-4A8F-9803-DC4DAAAFB5F7}
		{118D6014-F1E4-4EEA-8DFC-AD11EAA074CB} = {DE704E15-3DCD-4EB5-A2B3-E922FE43F99D}
	EndGlobalSection
EndGlobal
